Microsoft Visual Studio Solution File, Format Version 12.00
# Visual Studio Version 17
VisualStudioVersion = 17.5.2.0
MinimumVisualStudioVersion = 10.0.40219.1
Project("{FAE04EC0-301F-11D3-BF4B-00C04F79EFBC}") = "Bimfix.Api", "Bimfix.Api\Bimfix.Api.csproj", "{1248779A-5660-2CC1-E069-159A20C4B523}"
EndProject
Global
	GlobalSection(SolutionConfigurationPlatforms) = preSolution
		Debug|Any CPU = Debug|Any CPU
		Release|Any CPU = Release|Any CPU
	EndGlobalSection
	GlobalSection(ProjectConfigurationPlatforms) = postSolution
		{1248779A-5660-2CC1-E069-159A20C4B523}.Debug|Any CPU.ActiveCfg = Debug|Any CPU
		{1248779A-5660-2CC1-E069-159A20C4B523}.Debug|Any CPU.Build.0 = Debug|Any CPU
		{1248779A-5660-2CC1-E069-159A20C4B523}.Release|Any CPU.ActiveCfg = Release|Any CPU
		{1248779A-5660-2CC1-E069-159A20C4B523}.Release|Any CPU.Build.0 = Release|Any CPU
	EndGlobalSection
	GlobalSection(SolutionProperties) = preSolution
		HideSolutionNode = FALSE
	EndGlobalSection
	GlobalSection(ExtensibilityGlobals) = postSolution
		SolutionGuid = {DD0BD5A7-4CF6-4B74-9249-99AE58E9C1FE}
	EndGlobalSection
EndGlobal
